
Microsoft Visual Studio Solution File, Format Version 12.00
# Visual Studio 15
VisualStudioVersion = 15.0.26124.0
MinimumVisualStudioVersion = 15.0.26124.0
Project("{9A19103F-16F7-4668-BE54-9A1E7A4F7556}") = "Impulse.ConsoleApplication", "Impulse.ConsoleApplication\Impulse.ConsoleApplication.csproj", "{70CA7B18-7733-404A-ACDF-26A657274112}"
EndProject
Project("{9A19103F-16F7-4668-BE54-9A1E7A4F7556}") = "Impulse.ConsoleApplication.Tests", "Impulse.ConsoleApplication.Tests\Impulse.ConsoleApplication.Tests.csproj", "{3874EE75-F82E-446E-B3EB-0472E43B1B0F}"
EndProject
Project("{9A19103F-16F7-4668-BE54-9A1E7A4F7556}") = "Impulse.Networking", "Impulse.Networking\Impulse.Networking.csproj", "{5DC237AD-6D64-46E2-9D31-60F0C3DC7160}"
EndProject
Project("{9A19103F-16F7-4668-BE54-9A1E7A4F7556}") = "Impulse.Networking.Tests", "Impulse.Networking.Tests\Impulse.Networking.Tests.csproj", "{FF58462D-9068-4481-8809-F14842C4211D}"
EndProject
Project("{2150E333-8FDC-42A3-9474-1A3956D46DE8}") = "Tests", "Tests", "{8511FAE6-0304-45B0-B17F-0E02ACDDC882}"
EndProject
Project("{2150E333-8FDC-42A3-9474-1A3956D46DE8}") = "Libraries", "Libraries", "{639AD75C-BE5A-45C4-9F28-9FAF05DBD784}"
EndProject
Project("{9A19103F-16F7-4668-BE54-9A1E7A4F7556}") = "Impulse.Logging", "Impulse.Logging\Impulse.Logging.csproj", "{DB609783-D8D7-4EF4-801D-2325EF29A801}"
EndProject
Project("{9A19103F-16F7-4668-BE54-9A1E7A4F7556}") = "Impulse.Logging.Tests", "Impulse.Logging.Tests\Impulse.Logging.Tests.csproj", "{8AADA70A-FDBD-4E03-B4B2-967281C4C60C}"
EndProject
Project("{9A19103F-16F7-4668-BE54-9A1E7A4F7556}") = "Impulse.Common", "Impulse.Common\Impulse.Common.csproj", "{BF149D99-8C55-4543-8424-7C92E1D539A9}"
EndProject
Project("{9A19103F-16F7-4668-BE54-9A1E7A4F7556}") = "Impulse.Common.Tests", "Impulse.Common.Tests\Impulse.Common.Tests.csproj", "{0C38B4B4-5950-45E4-BCF0-C07C476ED93D}"
EndProject
Project("{9A19103F-16F7-4668-BE54-9A1E7A4F7556}") = "Impulse.Applications", "Impulse.Applications\Impulse.Applications.csproj", "{89246469-C440-4B74-AEB0-8AC87C840BF9}"
EndProject
Project("{9A19103F-16F7-4668-BE54-9A1E7A4F7556}") = "Impulse.Applications.Tests", "Impulse.Applications.Tests\Impulse.Applications.Tests.csproj", "{E56438C6-8EF7-458E-A6A0-07AFD317B6A3}"
EndProject
Project("{9A19103F-16F7-4668-BE54-9A1E7A4F7556}") = "Impulse.Web", "Impulse.Web\Impulse.Web.csproj", "{7B2BDE10-BD8E-440D-AFCD-C6CB0D43CFF5}"
EndProject
Project("{9A19103F-16F7-4668-BE54-9A1E7A4F7556}") = "Impulse.Web.Tests", "Impulse.Web.Tests\Impulse.Web.Tests.csproj", "{E2CF235D-A87F-4EFC-ABE0-A057FB839EC4}"
EndProject
Project("{2150E333-8FDC-42A3-9474-1A3956D46DE8}") = "Hosts", "Hosts", "{6DD5A348-6B2C-4813-B3B2-2433BBC4494B}"
EndProject
Project("{9A19103F-16F7-4668-BE54-9A1E7A4F7556}") = "Impulse.ConsoleHost", "Impulse.ConsoleHost\Impulse.ConsoleHost.csproj", "{34580030-83E5-4DA9-9474-FDB795FF96F7}"
EndProject
Project("{9A19103F-16F7-4668-BE54-9A1E7A4F7556}") = "Impulse.ConsoleHost.Tests", "Impulse.ConsoleHost.Tests\Impulse.ConsoleHost.Tests.csproj", "{A9EDAD9B-0B58-4339-BDF8-077CF158818B}"
EndProject
Project("{9A19103F-16F7-4668-BE54-9A1E7A4F7556}") = "Impulse.AspNetCoreReplica", "Impulse.AspNetCoreReplica\Impulse.AspNetCoreReplica.csproj", "{5763FF46-E881-4FC2-8038-31D61A47EE3B}"
EndProject
Project("{9A19103F-16F7-4668-BE54-9A1E7A4F7556}") = "Impulse.AspNetCoreHost", "Impulse.AspNetCoreHost\Impulse.AspNetCoreHost.csproj", "{E22AD0FD-9493-4BA7-BC9F-5C3C80E8D8AB}"
EndProject
Project("{9A19103F-16F7-4668-BE54-9A1E7A4F7556}") = "Impulse.AspNetCoreHost.Tests", "Impulse.AspNetCoreHost.Tests\Impulse.AspNetCoreHost.Tests.csproj", "{33ED5F65-7AC3-4180-B051-6959E8292C78}"
EndProject
Project("{9A19103F-16F7-4668-BE54-9A1E7A4F7556}") = "Impulse.AspNetCoreMvcHost", "Impulse.AspNetCoreMvcHost\Impulse.AspNetCoreMvcHost.csproj", "{28F4BEC5-6E80-4FE7-91B1-D6E21335A9F7}"
EndProject
Project("{9A19103F-16F7-4668-BE54-9A1E7A4F7556}") = "Impulse.AspNetCoreMvcHost.Tests", "Impulse.AspNetCoreMvcHost.Tests\Impulse.AspNetCoreMvcHost.Tests.csproj", "{A70E18FE-6692-4AF8-899F-F08A13704ACD}"
EndProject
Project("{9A19103F-16F7-4668-BE54-9A1E7A4F7556}") = "Impulse.WebApiHost", "Impulse.WebApiHost\Impulse.WebApiHost.csproj", "{B14B5A54-93A4-4DEB-99F9-2813123F34B8}"
EndProject
Project("{9A19103F-16F7-4668-BE54-9A1E7A4F7556}") = "Impulse.WebApiHost.Tests", "Impulse.WebApiHost.Tests\Impulse.WebApiHost.Tests.csproj", "{8B09FC71-A2C9-4324-B932-3C0BC4051EF7}"
EndProject
Project("{9A19103F-16F7-4668-BE54-9A1E7A4F7556}") = "Impulse.CommonWebApiRazor", "Impulse.CommonWebApiRazor\Impulse.CommonWebApiRazor.csproj", "{15E3EEA4-4E03-49C1-80C1-2258BC267145}"
EndProject
Project("{9A19103F-16F7-4668-BE54-9A1E7A4F7556}") = "Impulse.CommonWebApiRazor.Tests", "Impulse.CommonWebApiRazor.Tests\Impulse.CommonWebApiRazor.Tests.csproj", "{415374A0-C593-4526-8AF7-9DA287626237}"
EndProject
Project("{2150E333-8FDC-42A3-9474-1A3956D46DE8}") = "RazorLibraries", "RazorLibraries", "{871E938E-D295-42D9-8A4E-179C2089C27F}"
EndProject
Project("{9A19103F-16F7-4668-BE54-9A1E7A4F7556}") = "Impulse.AngularHost", "Impulse.AngularHost\Impulse.AngularHost.csproj", "{7833B822-EA49-43BF-8CCA-576C4023B0A1}"
EndProject
Project("{9A19103F-16F7-4668-BE54-9A1E7A4F7556}") = "Impulse.AngularHost.Tests", "Impulse.AngularHost.Tests\Impulse.AngularHost.Tests.csproj", "{3398BFEE-6AFD-468E-83A6-53A49AAC36D9}"
EndProject
Project("{9A19103F-16F7-4668-BE54-9A1E7A4F7556}") = "Impulse.CloudServices", "Impulse.CloudServices\Impulse.CloudServices.csproj", "{0E8CB755-F307-498C-8715-0CE120B03336}"
EndProject
Project("{9A19103F-16F7-4668-BE54-9A1E7A4F7556}") = "Impulse.CloudServices.Tests", "Impulse.CloudServices.Tests\Impulse.CloudServices.Tests.csproj", "{CB26CB9E-4F6F-4B2E-9564-5EED27733A4C}"
EndProject
Project("{9A19103F-16F7-4668-BE54-9A1E7A4F7556}") = "Impulse.CloudServices.Aws", "Impulse.CloudServices.Aws\Impulse.CloudServices.Aws.csproj", "{6F9814B0-3F2E-4B8D-8702-0210E4CDDF4A}"
EndProject
Project("{9A19103F-16F7-4668-BE54-9A1E7A4F7556}") = "Impulse.CloudServices.Aws.Tests", "Impulse.CloudServices.Aws.Tests\Impulse.CloudServices.Aws.Tests.csproj", "{F28D197C-855E-4723-9EC3-298D034790F5}"
EndProject
Project("{9A19103F-16F7-4668-BE54-9A1E7A4F7556}") = "Impulse.DataStores", "Impulse.DataStores\Impulse.DataStores.csproj", "{8AEABDB6-A5EB-4AB5-85CF-11EF23DBEEF4}"
EndProject
Project("{9A19103F-16F7-4668-BE54-9A1E7A4F7556}") = "Impulse.DataStores.Tests", "Impulse.DataStores.Tests\Impulse.DataStores.Tests.csproj", "{23BB559C-0854-4985-B018-9C90184E6635}"
EndProject
Project("{9A19103F-16F7-4668-BE54-9A1E7A4F7556}") = "Impulse.DataStores.MongoDb", "Impulse.DataStores.MongoDb\Impulse.DataStores.MongoDb.csproj", "{5121E83D-CB5D-4798-852D-82658EEEBA15}"
EndProject
Project("{9A19103F-16F7-4668-BE54-9A1E7A4F7556}") = "Impulse.DataStores.MongoDb.Tests", "Impulse.DataStores.MongoDb.Tests\Impulse.DataStores.MongoDb.Tests.csproj", "{0F770F9D-39AF-4ED9-AB9B-2F111FC31D86}"
EndProject
Project("{9A19103F-16F7-4668-BE54-9A1E7A4F7556}") = "Impulse.DataStores.Sqlite", "Impulse.DataStores.Sqlite\Impulse.DataStores.Sqlite.csproj", "{82BE256A-524B-4BFD-B29D-E2B1FC38230F}"
EndProject
Project("{9A19103F-16F7-4668-BE54-9A1E7A4F7556}") = "Impulse.DataStores.Sqlite.Tests", "Impulse.DataStores.Sqlite.Tests\Impulse.DataStores.Sqlite.Tests.csproj", "{179C218F-1375-47BD-B50A-A037B9A5685B}"
EndProject
Global
	GlobalSection(SolutionConfigurationPlatforms) = preSolution
		Debug|Any CPU = Debug|Any CPU
		Debug|x64 = Debug|x64
		Debug|x86 = Debug|x86
		Release|Any CPU = Release|Any CPU
		Release|x64 = Release|x64
		Release|x86 = Release|x86
	EndGlobalSection
	GlobalSection(ProjectConfigurationPlatforms) = postSolution
		{70CA7B18-7733-404A-ACDF-26A657274112}.Debug|Any CPU.ActiveCfg = Debug|Any CPU
		{70CA7B18-7733-404A-ACDF-26A657274112}.Debug|Any CPU.Build.0 = Debug|Any CPU
		{70CA7B18-7733-404A-ACDF-26A657274112}.Debug|x64.ActiveCfg = Debug|Any CPU
		{70CA7B18-7733-404A-ACDF-26A657274112}.Debug|x64.Build.0 = Debug|Any CPU
		{70CA7B18-7733-404A-ACDF-26A657274112}.Debug|x86.ActiveCfg = Debug|Any CPU
		{70CA7B18-7733-404A-ACDF-26A657274112}.Debug|x86.Build.0 = Debug|Any CPU
		{70CA7B18-7733-404A-ACDF-26A657274112}.Release|Any CPU.ActiveCfg = Release|Any CPU
		{70CA7B18-7733-404A-ACDF-26A657274112}.Release|Any CPU.Build.0 = Release|Any CPU
		{70CA7B18-7733-404A-ACDF-26A657274112}.Release|x64.ActiveCfg = Release|Any CPU
		{70CA7B18-7733-404A-ACDF-26A657274112}.Release|x64.Build.0 = Release|Any CPU
		{70CA7B18-7733-404A-ACDF-26A657274112}.Release|x86.ActiveCfg = Release|Any CPU
		{70CA7B18-7733-404A-ACDF-26A657274112}.Release|x86.Build.0 = Release|Any CPU
		{3874EE75-F82E-446E-B3EB-0472E43B1B0F}.Debug|Any CPU.ActiveCfg = Debug|Any CPU
		{3874EE75-F82E-446E-B3EB-0472E43B1B0F}.Debug|Any CPU.Build.0 = Debug|Any CPU
		{3874EE75-F82E-446E-B3EB-0472E43B1B0F}.Debug|x64.ActiveCfg = Debug|Any CPU
		{3874EE75-F82E-446E-B3EB-0472E43B1B0F}.Debug|x64.Build.0 = Debug|Any CPU
		{3874EE75-F82E-446E-B3EB-0472E43B1B0F}.Debug|x86.ActiveCfg = Debug|Any CPU
		{3874EE75-F82E-446E-B3EB-0472E43B1B0F}.Debug|x86.Build.0 = Debug|Any CPU
		{3874EE75-F82E-446E-B3EB-0472E43B1B0F}.Release|Any CPU.ActiveCfg = Release|Any CPU
		{3874EE75-F82E-446E-B3EB-0472E43B1B0F}.Release|Any CPU.Build.0 = Release|Any CPU
		{3874EE75-F82E-446E-B3EB-0472E43B1B0F}.Release|x64.ActiveCfg = Release|Any CPU
		{3874EE75-F82E-446E-B3EB-0472E43B1B0F}.Release|x64.Build.0 = Release|Any CPU
		{3874EE75-F82E-446E-B3EB-0472E43B1B0F}.Release|x86.ActiveCfg = Release|Any CPU
		{3874EE75-F82E-446E-B3EB-0472E43B1B0F}.Release|x86.Build.0 = Release|Any CPU
		{5DC237AD-6D64-46E2-9D31-60F0C3DC7160}.Debug|Any CPU.ActiveCfg = Debug|Any CPU
		{5DC237AD-6D64-46E2-9D31-60F0C3DC7160}.Debug|Any CPU.Build.0 = Debug|Any CPU
		{5DC237AD-6D64-46E2-9D31-60F0C3DC7160}.Debug|x64.ActiveCfg = Debug|Any CPU
		{5DC237AD-6D64-46E2-9D31-60F0C3DC7160}.Debug|x64.Build.0 = Debug|Any CPU
		{5DC237AD-6D64-46E2-9D31-60F0C3DC7160}.Debug|x86.ActiveCfg = Debug|Any CPU
		{5DC237AD-6D64-46E2-9D31-60F0C3DC7160}.Debug|x86.Build.0 = Debug|Any CPU
		{5DC237AD-6D64-46E2-9D31-60F0C3DC7160}.Release|Any CPU.ActiveCfg = Release|Any CPU
		{5DC237AD-6D64-46E2-9D31-60F0C3DC7160}.Release|Any CPU.Build.0 = Release|Any CPU
		{5DC237AD-6D64-46E2-9D31-60F0C3DC7160}.Release|x64.ActiveCfg = Release|Any CPU
		{5DC237AD-6D64-46E2-9D31-60F0C3DC7160}.Release|x64.Build.0 = Release|Any CPU
		{5DC237AD-6D64-46E2-9D31-60F0C3DC7160}.Release|x86.ActiveCfg = Release|Any CPU
		{5DC237AD-6D64-46E2-9D31-60F0C3DC7160}.Release|x86.Build.0 = Release|Any CPU
		{FF58462D-9068-4481-8809-F14842C4211D}.Debug|Any CPU.ActiveCfg = Debug|Any CPU
		{FF58462D-9068-4481-8809-F14842C4211D}.Debug|Any CPU.Build.0 = Debug|Any CPU
		{FF58462D-9068-4481-8809-F14842C4211D}.Debug|x64.ActiveCfg = Debug|Any CPU
		{FF58462D-9068-4481-8809-F14842C4211D}.Debug|x64.Build.0 = Debug|Any CPU
		{FF58462D-9068-4481-8809-F14842C4211D}.Debug|x86.ActiveCfg = Debug|Any CPU
		{FF58462D-9068-4481-8809-F14842C4211D}.Debug|x86.Build.0 = Debug|Any CPU
		{FF58462D-9068-4481-8809-F14842C4211D}.Release|Any CPU.ActiveCfg = Release|Any CPU
		{FF58462D-9068-4481-8809-F14842C4211D}.Release|Any CPU.Build.0 = Release|Any CPU
		{FF58462D-9068-4481-8809-F14842C4211D}.Release|x64.ActiveCfg = Release|Any CPU
		{FF58462D-9068-4481-8809-F14842C4211D}.Release|x64.Build.0 = Release|Any CPU
		{FF58462D-9068-4481-8809-F14842C4211D}.Release|x86.ActiveCfg = Release|Any CPU
		{FF58462D-9068-4481-8809-F14842C4211D}.Release|x86.Build.0 = Release|Any CPU
		{DB609783-D8D7-4EF4-801D-2325EF29A801}.Debug|Any CPU.ActiveCfg = Debug|Any CPU
		{DB609783-D8D7-4EF4-801D-2325EF29A801}.Debug|Any CPU.Build.0 = Debug|Any CPU
		{DB609783-D8D7-4EF4-801D-2325EF29A801}.Debug|x64.ActiveCfg = Debug|Any CPU
		{DB609783-D8D7-4EF4-801D-2325EF29A801}.Debug|x64.Build.0 = Debug|Any CPU
		{DB609783-D8D7-4EF4-801D-2325EF29A801}.Debug|x86.ActiveCfg = Debug|Any CPU
		{DB609783-D8D7-4EF4-801D-2325EF29A801}.Debug|x86.Build.0 = Debug|Any CPU
		{DB609783-D8D7-4EF4-801D-2325EF29A801}.Release|Any CPU.ActiveCfg = Release|Any CPU
		{DB609783-D8D7-4EF4-801D-2325EF29A801}.Release|Any CPU.Build.0 = Release|Any CPU
		{DB609783-D8D7-4EF4-801D-2325EF29A801}.Release|x64.ActiveCfg = Release|Any CPU
		{DB609783-D8D7-4EF4-801D-2325EF29A801}.Release|x64.Build.0 = Release|Any CPU
		{DB609783-D8D7-4EF4-801D-2325EF29A801}.Release|x86.ActiveCfg = Release|Any CPU
		{DB609783-D8D7-4EF4-801D-2325EF29A801}.Release|x86.Build.0 = Release|Any CPU
		{8AADA70A-FDBD-4E03-B4B2-967281C4C60C}.Debug|Any CPU.ActiveCfg = Debug|Any CPU
		{8AADA70A-FDBD-4E03-B4B2-967281C4C60C}.Debug|Any CPU.Build.0 = Debug|Any CPU
		{8AADA70A-FDBD-4E03-B4B2-967281C4C60C}.Debug|x64.ActiveCfg = Debug|Any CPU
		{8AADA70A-FDBD-4E03-B4B2-967281C4C60C}.Debug|x64.Build.0 = Debug|Any CPU
		{8AADA70A-FDBD-4E03-B4B2-967281C4C60C}.Debug|x86.ActiveCfg = Debug|Any CPU
		{8AADA70A-FDBD-4E03-B4B2-967281C4C60C}.Debug|x86.Build.0 = Debug|Any CPU
		{8AADA70A-FDBD-4E03-B4B2-967281C4C60C}.Release|Any CPU.ActiveCfg = Release|Any CPU
		{8AADA70A-FDBD-4E03-B4B2-967281C4C60C}.Release|Any CPU.Build.0 = Release|Any CPU
		{8AADA70A-FDBD-4E03-B4B2-967281C4C60C}.Release|x64.ActiveCfg = Release|Any CPU
		{8AADA70A-FDBD-4E03-B4B2-967281C4C60C}.Release|x64.Build.0 = Release|Any CPU
		{8AADA70A-FDBD-4E03-B4B2-967281C4C60C}.Release|x86.ActiveCfg = Release|Any CPU
		{8AADA70A-FDBD-4E03-B4B2-967281C4C60C}.Release|x86.Build.0 = Release|Any CPU
		{BF149D99-8C55-4543-8424-7C92E1D539A9}.Debug|Any CPU.ActiveCfg = Debug|Any CPU
		{BF149D99-8C55-4543-8424-7C92E1D539A9}.Debug|Any CPU.Build.0 = Debug|Any CPU
		{BF149D99-8C55-4543-8424-7C92E1D539A9}.Debug|x64.ActiveCfg = Debug|Any CPU
		{BF149D99-8C55-4543-8424-7C92E1D539A9}.Debug|x64.Build.0 = Debug|Any CPU
		{BF149D99-8C55-4543-8424-7C92E1D539A9}.Debug|x86.ActiveCfg = Debug|Any CPU
		{BF149D99-8C55-4543-8424-7C92E1D539A9}.Debug|x86.Build.0 = Debug|Any CPU
		{BF149D99-8C55-4543-8424-7C92E1D539A9}.Release|Any CPU.ActiveCfg = Release|Any CPU
		{BF149D99-8C55-4543-8424-7C92E1D539A9}.Release|Any CPU.Build.0 = Release|Any CPU
		{BF149D99-8C55-4543-8424-7C92E1D539A9}.Release|x64.ActiveCfg = Release|Any CPU
		{BF149D99-8C55-4543-8424-7C92E1D539A9}.Release|x64.Build.0 = Release|Any CPU
		{BF149D99-8C55-4543-8424-7C92E1D539A9}.Release|x86.ActiveCfg = Release|Any CPU
		{BF149D99-8C55-4543-8424-7C92E1D539A9}.Release|x86.Build.0 = Release|Any CPU
		{0C38B4B4-5950-45E4-BCF0-C07C476ED93D}.Debug|Any CPU.ActiveCfg = Debug|Any CPU
		{0C38B4B4-5950-45E4-BCF0-C07C476ED93D}.Debug|Any CPU.Build.0 = Debug|Any CPU
		{0C38B4B4-5950-45E4-BCF0-C07C476ED93D}.Debug|x64.ActiveCfg = Debug|Any CPU
		{0C38B4B4-5950-45E4-BCF0-C07C476ED93D}.Debug|x64.Build.0 = Debug|Any CPU
		{0C38B4B4-5950-45E4-BCF0-C07C476ED93D}.Debug|x86.ActiveCfg = Debug|Any CPU
		{0C38B4B4-5950-45E4-BCF0-C07C476ED93D}.Debug|x86.Build.0 = Debug|Any CPU
		{0C38B4B4-5950-45E4-BCF0-C07C476ED93D}.Release|Any CPU.ActiveCfg = Release|Any CPU
		{0C38B4B4-5950-45E4-BCF0-C07C476ED93D}.Release|Any CPU.Build.0 = Release|Any CPU
		{0C38B4B4-5950-45E4-BCF0-C07C476ED93D}.Release|x64.ActiveCfg = Release|Any CPU
		{0C38B4B4-5950-45E4-BCF0-C07C476ED93D}.Release|x64.Build.0 = Release|Any CPU
		{0C38B4B4-5950-45E4-BCF0-C07C476ED93D}.Release|x86.ActiveCfg = Release|Any CPU
		{0C38B4B4-5950-45E4-BCF0-C07C476ED93D}.Release|x86.Build.0 = Release|Any CPU
		{89246469-C440-4B74-AEB0-8AC87C840BF9}.Debug|Any CPU.ActiveCfg = Debug|Any CPU
		{89246469-C440-4B74-AEB0-8AC87C840BF9}.Debug|Any CPU.Build.0 = Debug|Any CPU
		{89246469-C440-4B74-AEB0-8AC87C840BF9}.Debug|x64.ActiveCfg = Debug|Any CPU
		{89246469-C440-4B74-AEB0-8AC87C840BF9}.Debug|x64.Build.0 = Debug|Any CPU
		{89246469-C440-4B74-AEB0-8AC87C840BF9}.Debug|x86.ActiveCfg = Debug|Any CPU
		{89246469-C440-4B74-AEB0-8AC87C840BF9}.Debug|x86.Build.0 = Debug|Any CPU
		{89246469-C440-4B74-AEB0-8AC87C840BF9}.Release|Any CPU.ActiveCfg = Release|Any CPU
		{89246469-C440-4B74-AEB0-8AC87C840BF9}.Release|Any CPU.Build.0 = Release|Any CPU
		{89246469-C440-4B74-AEB0-8AC87C840BF9}.Release|x64.ActiveCfg = Release|Any CPU
		{89246469-C440-4B74-AEB0-8AC87C840BF9}.Release|x64.Build.0 = Release|Any CPU
		{89246469-C440-4B74-AEB0-8AC87C840BF9}.Release|x86.ActiveCfg = Release|Any CPU
		{89246469-C440-4B74-AEB0-8AC87C840BF9}.Release|x86.Build.0 = Release|Any CPU
		{E56438C6-8EF7-458E-A6A0-07AFD317B6A3}.Debug|Any CPU.ActiveCfg = Debug|Any CPU
		{E56438C6-8EF7-458E-A6A0-07AFD317B6A3}.Debug|Any CPU.Build.0 = Debug|Any CPU
		{E56438C6-8EF7-458E-A6A0-07AFD317B6A3}.Debug|x64.ActiveCfg = Debug|Any CPU
		{E56438C6-8EF7-458E-A6A0-07AFD317B6A3}.Debug|x64.Build.0 = Debug|Any CPU
		{E56438C6-8EF7-458E-A6A0-07AFD317B6A3}.Debug|x86.ActiveCfg = Debug|Any CPU
		{E56438C6-8EF7-458E-A6A0-07AFD317B6A3}.Debug|x86.Build.0 = Debug|Any CPU
		{E56438C6-8EF7-458E-A6A0-07AFD317B6A3}.Release|Any CPU.ActiveCfg = Release|Any CPU
		{E56438C6-8EF7-458E-A6A0-07AFD317B6A3}.Release|Any CPU.Build.0 = Release|Any CPU
		{E56438C6-8EF7-458E-A6A0-07AFD317B6A3}.Release|x64.ActiveCfg = Release|Any CPU
		{E56438C6-8EF7-458E-A6A0-07AFD317B6A3}.Release|x64.Build.0 = Release|Any CPU
		{E56438C6-8EF7-458E-A6A0-07AFD317B6A3}.Release|x86.ActiveCfg = Release|Any CPU
		{E56438C6-8EF7-458E-A6A0-07AFD317B6A3}.Release|x86.Build.0 = Release|Any CPU
		{7B2BDE10-BD8E-440D-AFCD-C6CB0D43CFF5}.Debug|Any CPU.ActiveCfg = Debug|Any CPU
		{7B2BDE10-BD8E-440D-AFCD-C6CB0D43CFF5}.Debug|Any CPU.Build.0 = Debug|Any CPU
		{7B2BDE10-BD8E-440D-AFCD-C6CB0D43CFF5}.Debug|x64.ActiveCfg = Debug|Any CPU
		{7B2BDE10-BD8E-440D-AFCD-C6CB0D43CFF5}.Debug|x64.Build.0 = Debug|Any CPU
		{7B2BDE10-BD8E-440D-AFCD-C6CB0D43CFF5}.Debug|x86.ActiveCfg = Debug|Any CPU
		{7B2BDE10-BD8E-440D-AFCD-C6CB0D43CFF5}.Debug|x86.Build.0 = Debug|Any CPU
		{7B2BDE10-BD8E-440D-AFCD-C6CB0D43CFF5}.Release|Any CPU.ActiveCfg = Release|Any CPU
		{7B2BDE10-BD8E-440D-AFCD-C6CB0D43CFF5}.Release|Any CPU.Build.0 = Release|Any CPU
		{7B2BDE10-BD8E-440D-AFCD-C6CB0D43CFF5}.Release|x64.ActiveCfg = Release|Any CPU
		{7B2BDE10-BD8E-440D-AFCD-C6CB0D43CFF5}.Release|x64.Build.0 = Release|Any CPU
		{7B2BDE10-BD8E-440D-AFCD-C6CB0D43CFF5}.Release|x86.ActiveCfg = Release|Any CPU
		{7B2BDE10-BD8E-440D-AFCD-C6CB0D43CFF5}.Release|x86.Build.0 = Release|Any CPU
		{E2CF235D-A87F-4EFC-ABE0-A057FB839EC4}.Debug|Any CPU.ActiveCfg = Debug|Any CPU
		{E2CF235D-A87F-4EFC-ABE0-A057FB839EC4}.Debug|Any CPU.Build.0 = Debug|Any CPU
		{E2CF235D-A87F-4EFC-ABE0-A057FB839EC4}.Debug|x64.ActiveCfg = Debug|Any CPU
		{E2CF235D-A87F-4EFC-ABE0-A057FB839EC4}.Debug|x64.Build.0 = Debug|Any CPU
		{E2CF235D-A87F-4EFC-ABE0-A057FB839EC4}.Debug|x86.ActiveCfg = Debug|Any CPU
		{E2CF235D-A87F-4EFC-ABE0-A057FB839EC4}.Debug|x86.Build.0 = Debug|Any CPU
		{E2CF235D-A87F-4EFC-ABE0-A057FB839EC4}.Release|Any CPU.ActiveCfg = Release|Any CPU
		{E2CF235D-A87F-4EFC-ABE0-A057FB839EC4}.Release|Any CPU.Build.0 = Release|Any CPU
		{E2CF235D-A87F-4EFC-ABE0-A057FB839EC4}.Release|x64.ActiveCfg = Release|Any CPU
		{E2CF235D-A87F-4EFC-ABE0-A057FB839EC4}.Release|x64.Build.0 = Release|Any CPU
		{E2CF235D-A87F-4EFC-ABE0-A057FB839EC4}.Release|x86.ActiveCfg = Release|Any CPU
		{E2CF235D-A87F-4EFC-ABE0-A057FB839EC4}.Release|x86.Build.0 = Release|Any CPU
		{34580030-83E5-4DA9-9474-FDB795FF96F7}.Debug|Any CPU.ActiveCfg = Debug|Any CPU
		{34580030-83E5-4DA9-9474-FDB795FF96F7}.Debug|Any CPU.Build.0 = Debug|Any CPU
		{34580030-83E5-4DA9-9474-FDB795FF96F7}.Debug|x64.ActiveCfg = Debug|Any CPU
		{34580030-83E5-4DA9-9474-FDB795FF96F7}.Debug|x64.Build.0 = Debug|Any CPU
		{34580030-83E5-4DA9-9474-FDB795FF96F7}.Debug|x86.ActiveCfg = Debug|Any CPU
		{34580030-83E5-4DA9-9474-FDB795FF96F7}.Debug|x86.Build.0 = Debug|Any CPU
		{34580030-83E5-4DA9-9474-FDB795FF96F7}.Release|Any CPU.ActiveCfg = Release|Any CPU
		{34580030-83E5-4DA9-9474-FDB795FF96F7}.Release|Any CPU.Build.0 = Release|Any CPU
		{34580030-83E5-4DA9-9474-FDB795FF96F7}.Release|x64.ActiveCfg = Release|Any CPU
		{34580030-83E5-4DA9-9474-FDB795FF96F7}.Release|x64.Build.0 = Release|Any CPU
		{34580030-83E5-4DA9-9474-FDB795FF96F7}.Release|x86.ActiveCfg = Release|Any CPU
		{34580030-83E5-4DA9-9474-FDB795FF96F7}.Release|x86.Build.0 = Release|Any CPU
		{A9EDAD9B-0B58-4339-BDF8-077CF158818B}.Debug|Any CPU.ActiveCfg = Debug|Any CPU
		{A9EDAD9B-0B58-4339-BDF8-077CF158818B}.Debug|Any CPU.Build.0 = Debug|Any CPU
		{A9EDAD9B-0B58-4339-BDF8-077CF158818B}.Debug|x64.ActiveCfg = Debug|Any CPU
		{A9EDAD9B-0B58-4339-BDF8-077CF158818B}.Debug|x64.Build.0 = Debug|Any CPU
		{A9EDAD9B-0B58-4339-BDF8-077CF158818B}.Debug|x86.ActiveCfg = Debug|Any CPU
		{A9EDAD9B-0B58-4339-BDF8-077CF158818B}.Debug|x86.Build.0 = Debug|Any CPU
		{A9EDAD9B-0B58-4339-BDF8-077CF158818B}.Release|Any CPU.ActiveCfg = Release|Any CPU
		{A9EDAD9B-0B58-4339-BDF8-077CF158818B}.Release|Any CPU.Build.0 = Release|Any CPU
		{A9EDAD9B-0B58-4339-BDF8-077CF158818B}.Release|x64.ActiveCfg = Release|Any CPU
		{A9EDAD9B-0B58-4339-BDF8-077CF158818B}.Release|x64.Build.0 = Release|Any CPU
		{A9EDAD9B-0B58-4339-BDF8-077CF158818B}.Release|x86.ActiveCfg = Release|Any CPU
		{A9EDAD9B-0B58-4339-BDF8-077CF158818B}.Release|x86.Build.0 = Release|Any CPU
		{5763FF46-E881-4FC2-8038-31D61A47EE3B}.Debug|Any CPU.ActiveCfg = Debug|Any CPU
		{5763FF46-E881-4FC2-8038-31D61A47EE3B}.Debug|Any CPU.Build.0 = Debug|Any CPU
		{5763FF46-E881-4FC2-8038-31D61A47EE3B}.Debug|x64.ActiveCfg = Debug|Any CPU
		{5763FF46-E881-4FC2-8038-31D61A47EE3B}.Debug|x64.Build.0 = Debug|Any CPU
		{5763FF46-E881-4FC2-8038-31D61A47EE3B}.Debug|x86.ActiveCfg = Debug|Any CPU
		{5763FF46-E881-4FC2-8038-31D61A47EE3B}.Debug|x86.Build.0 = Debug|Any CPU
		{5763FF46-E881-4FC2-8038-31D61A47EE3B}.Release|Any CPU.ActiveCfg = Release|Any CPU
		{5763FF46-E881-4FC2-8038-31D61A47EE3B}.Release|Any CPU.Build.0 = Release|Any CPU
		{5763FF46-E881-4FC2-8038-31D61A47EE3B}.Release|x64.ActiveCfg = Release|Any CPU
		{5763FF46-E881-4FC2-8038-31D61A47EE3B}.Release|x64.Build.0 = Release|Any CPU
		{5763FF46-E881-4FC2-8038-31D61A47EE3B}.Release|x86.ActiveCfg = Release|Any CPU
		{5763FF46-E881-4FC2-8038-31D61A47EE3B}.Release|x86.Build.0 = Release|Any CPU
		{E22AD0FD-9493-4BA7-BC9F-5C3C80E8D8AB}.Debug|Any CPU.ActiveCfg = Debug|Any CPU
		{E22AD0FD-9493-4BA7-BC9F-5C3C80E8D8AB}.Debug|Any CPU.Build.0 = Debug|Any CPU
		{E22AD0FD-9493-4BA7-BC9F-5C3C80E8D8AB}.Debug|x64.ActiveCfg = Debug|Any CPU
		{E22AD0FD-9493-4BA7-BC9F-5C3C80E8D8AB}.Debug|x64.Build.0 = Debug|Any CPU
		{E22AD0FD-9493-4BA7-BC9F-5C3C80E8D8AB}.Debug|x86.ActiveCfg = Debug|Any CPU
		{E22AD0FD-9493-4BA7-BC9F-5C3C80E8D8AB}.Debug|x86.Build.0 = Debug|Any CPU
		{E22AD0FD-9493-4BA7-BC9F-5C3C80E8D8AB}.Release|Any CPU.ActiveCfg = Release|Any CPU
		{E22AD0FD-9493-4BA7-BC9F-5C3C80E8D8AB}.Release|Any CPU.Build.0 = Release|Any CPU
		{E22AD0FD-9493-4BA7-BC9F-5C3C80E8D8AB}.Release|x64.ActiveCfg = Release|Any CPU
		{E22AD0FD-9493-4BA7-BC9F-5C3C80E8D8AB}.Release|x64.Build.0 = Release|Any CPU
		{E22AD0FD-9493-4BA7-BC9F-5C3C80E8D8AB}.Release|x86.ActiveCfg = Release|Any CPU
		{E22AD0FD-9493-4BA7-BC9F-5C3C80E8D8AB}.Release|x86.Build.0 = Release|Any CPU
		{33ED5F65-7AC3-4180-B051-6959E8292C78}.Debug|Any CPU.ActiveCfg = Debug|Any CPU
		{33ED5F65-7AC3-4180-B051-6959E8292C78}.Debug|Any CPU.Build.0 = Debug|Any CPU
		{33ED5F65-7AC3-4180-B051-6959E8292C78}.Debug|x64.ActiveCfg = Debug|Any CPU
		{33ED5F65-7AC3-4180-B051-6959E8292C78}.Debug|x64.Build.0 = Debug|Any CPU
		{33ED5F65-7AC3-4180-B051-6959E8292C78}.Debug|x86.ActiveCfg = Debug|Any CPU
		{33ED5F65-7AC3-4180-B051-6959E8292C78}.Debug|x86.Build.0 = Debug|Any CPU
		{33ED5F65-7AC3-4180-B051-6959E8292C78}.Release|Any CPU.ActiveCfg = Release|Any CPU
		{33ED5F65-7AC3-4180-B051-6959E8292C78}.Release|Any CPU.Build.0 = Release|Any CPU
		{33ED5F65-7AC3-4180-B051-6959E8292C78}.Release|x64.ActiveCfg = Release|Any CPU
		{33ED5F65-7AC3-4180-B051-6959E8292C78}.Release|x64.Build.0 = Release|Any CPU
		{33ED5F65-7AC3-4180-B051-6959E8292C78}.Release|x86.ActiveCfg = Release|Any CPU
		{33ED5F65-7AC3-4180-B051-6959E8292C78}.Release|x86.Build.0 = Release|Any CPU
		{28F4BEC5-6E80-4FE7-91B1-D6E21335A9F7}.Debug|Any CPU.ActiveCfg = Debug|Any CPU
		{28F4BEC5-6E80-4FE7-91B1-D6E21335A9F7}.Debug|Any CPU.Build.0 = Debug|Any CPU
		{28F4BEC5-6E80-4FE7-91B1-D6E21335A9F7}.Debug|x64.ActiveCfg = Debug|Any CPU
		{28F4BEC5-6E80-4FE7-91B1-D6E21335A9F7}.Debug|x64.Build.0 = Debug|Any CPU
		{28F4BEC5-6E80-4FE7-91B1-D6E21335A9F7}.Debug|x86.ActiveCfg = Debug|Any CPU
		{28F4BEC5-6E80-4FE7-91B1-D6E21335A9F7}.Debug|x86.Build.0 = Debug|Any CPU
		{28F4BEC5-6E80-4FE7-91B1-D6E21335A9F7}.Release|Any CPU.ActiveCfg = Release|Any CPU
		{28F4BEC5-6E80-4FE7-91B1-D6E21335A9F7}.Release|Any CPU.Build.0 = Release|Any CPU
		{28F4BEC5-6E80-4FE7-91B1-D6E21335A9F7}.Release|x64.ActiveCfg = Release|Any CPU
		{28F4BEC5-6E80-4FE7-91B1-D6E21335A9F7}.Release|x64.Build.0 = Release|Any CPU
		{28F4BEC5-6E80-4FE7-91B1-D6E21335A9F7}.Release|x86.ActiveCfg = Release|Any CPU
		{28F4BEC5-6E80-4FE7-91B1-D6E21335A9F7}.Release|x86.Build.0 = Release|Any CPU
		{A70E18FE-6692-4AF8-899F-F08A13704ACD}.Debug|Any CPU.ActiveCfg = Debug|Any CPU
		{A70E18FE-6692-4AF8-899F-F08A13704ACD}.Debug|Any CPU.Build.0 = Debug|Any CPU
		{A70E18FE-6692-4AF8-899F-F08A13704ACD}.Debug|x64.ActiveCfg = Debug|Any CPU
		{A70E18FE-6692-4AF8-899F-F08A13704ACD}.Debug|x64.Build.0 = Debug|Any CPU
		{A70E18FE-6692-4AF8-899F-F08A13704ACD}.Debug|x86.ActiveCfg = Debug|Any CPU
		{A70E18FE-6692-4AF8-899F-F08A13704ACD}.Debug|x86.Build.0 = Debug|Any CPU
		{A70E18FE-6692-4AF8-899F-F08A13704ACD}.Release|Any CPU.ActiveCfg = Release|Any CPU
		{A70E18FE-6692-4AF8-899F-F08A13704ACD}.Release|Any CPU.Build.0 = Release|Any CPU
		{A70E18FE-6692-4AF8-899F-F08A13704ACD}.Release|x64.ActiveCfg = Release|Any CPU
		{A70E18FE-6692-4AF8-899F-F08A13704ACD}.Release|x64.Build.0 = Release|Any CPU
		{A70E18FE-6692-4AF8-899F-F08A13704ACD}.Release|x86.ActiveCfg = Release|Any CPU
		{A70E18FE-6692-4AF8-899F-F08A13704ACD}.Release|x86.Build.0 = Release|Any CPU
		{B14B5A54-93A4-4DEB-99F9-2813123F34B8}.Debug|Any CPU.ActiveCfg = Debug|Any CPU
		{B14B5A54-93A4-4DEB-99F9-2813123F34B8}.Debug|Any CPU.Build.0 = Debug|Any CPU
		{B14B5A54-93A4-4DEB-99F9-2813123F34B8}.Debug|x64.ActiveCfg = Debug|Any CPU
		{B14B5A54-93A4-4DEB-99F9-2813123F34B8}.Debug|x64.Build.0 = Debug|Any CPU
		{B14B5A54-93A4-4DEB-99F9-2813123F34B8}.Debug|x86.ActiveCfg = Debug|Any CPU
		{B14B5A54-93A4-4DEB-99F9-2813123F34B8}.Debug|x86.Build.0 = Debug|Any CPU
		{B14B5A54-93A4-4DEB-99F9-2813123F34B8}.Release|Any CPU.ActiveCfg = Release|Any CPU
		{B14B5A54-93A4-4DEB-99F9-2813123F34B8}.Release|Any CPU.Build.0 = Release|Any CPU
		{B14B5A54-93A4-4DEB-99F9-2813123F34B8}.Release|x64.ActiveCfg = Release|Any CPU
		{B14B5A54-93A4-4DEB-99F9-2813123F34B8}.Release|x64.Build.0 = Release|Any CPU
		{B14B5A54-93A4-4DEB-99F9-2813123F34B8}.Release|x86.ActiveCfg = Release|Any CPU
		{B14B5A54-93A4-4DEB-99F9-2813123F34B8}.Release|x86.Build.0 = Release|Any CPU
		{8B09FC71-A2C9-4324-B932-3C0BC4051EF7}.Debug|Any CPU.ActiveCfg = Debug|Any CPU
		{8B09FC71-A2C9-4324-B932-3C0BC4051EF7}.Debug|Any CPU.Build.0 = Debug|Any CPU
		{8B09FC71-A2C9-4324-B932-3C0BC4051EF7}.Debug|x64.ActiveCfg = Debug|Any CPU
		{8B09FC71-A2C9-4324-B932-3C0BC4051EF7}.Debug|x64.Build.0 = Debug|Any CPU
		{8B09FC71-A2C9-4324-B932-3C0BC4051EF7}.Debug|x86.ActiveCfg = Debug|Any CPU
		{8B09FC71-A2C9-4324-B932-3C0BC4051EF7}.Debug|x86.Build.0 = Debug|Any CPU
		{8B09FC71-A2C9-4324-B932-3C0BC4051EF7}.Release|Any CPU.ActiveCfg = Release|Any CPU
		{8B09FC71-A2C9-4324-B932-3C0BC4051EF7}.Release|Any CPU.Build.0 = Release|Any CPU
		{8B09FC71-A2C9-4324-B932-3C0BC4051EF7}.Release|x64.ActiveCfg = Release|Any CPU
		{8B09FC71-A2C9-4324-B932-3C0BC4051EF7}.Release|x64.Build.0 = Release|Any CPU
		{8B09FC71-A2C9-4324-B932-3C0BC4051EF7}.Release|x86.ActiveCfg = Release|Any CPU
		{8B09FC71-A2C9-4324-B932-3C0BC4051EF7}.Release|x86.Build.0 = Release|Any CPU
		{15E3EEA4-4E03-49C1-80C1-2258BC267145}.Debug|Any CPU.ActiveCfg = Debug|Any CPU
		{15E3EEA4-4E03-49C1-80C1-2258BC267145}.Debug|Any CPU.Build.0 = Debug|Any CPU
		{15E3EEA4-4E03-49C1-80C1-2258BC267145}.Debug|x64.ActiveCfg = Debug|Any CPU
		{15E3EEA4-4E03-49C1-80C1-2258BC267145}.Debug|x64.Build.0 = Debug|Any CPU
		{15E3EEA4-4E03-49C1-80C1-2258BC267145}.Debug|x86.ActiveCfg = Debug|Any CPU
		{15E3EEA4-4E03-49C1-80C1-2258BC267145}.Debug|x86.Build.0 = Debug|Any CPU
		{15E3EEA4-4E03-49C1-80C1-2258BC267145}.Release|Any CPU.ActiveCfg = Release|Any CPU
		{15E3EEA4-4E03-49C1-80C1-2258BC267145}.Release|Any CPU.Build.0 = Release|Any CPU
		{15E3EEA4-4E03-49C1-80C1-2258BC267145}.Release|x64.ActiveCfg = Release|Any CPU
		{15E3EEA4-4E03-49C1-80C1-2258BC267145}.Release|x64.Build.0 = Release|Any CPU
		{15E3EEA4-4E03-49C1-80C1-2258BC267145}.Release|x86.ActiveCfg = Release|Any CPU
		{15E3EEA4-4E03-49C1-80C1-2258BC267145}.Release|x86.Build.0 = Release|Any CPU
		{415374A0-C593-4526-8AF7-9DA287626237}.Debug|Any CPU.ActiveCfg = Debug|Any CPU
		{415374A0-C593-4526-8AF7-9DA287626237}.Debug|Any CPU.Build.0 = Debug|Any CPU
		{415374A0-C593-4526-8AF7-9DA287626237}.Debug|x64.ActiveCfg = Debug|Any CPU
		{415374A0-C593-4526-8AF7-9DA287626237}.Debug|x64.Build.0 = Debug|Any CPU
		{415374A0-C593-4526-8AF7-9DA287626237}.Debug|x86.ActiveCfg = Debug|Any CPU
		{415374A0-C593-4526-8AF7-9DA287626237}.Debug|x86.Build.0 = Debug|Any CPU
		{415374A0-C593-4526-8AF7-9DA287626237}.Release|Any CPU.ActiveCfg = Release|Any CPU
		{415374A0-C593-4526-8AF7-9DA287626237}.Release|Any CPU.Build.0 = Release|Any CPU
		{415374A0-C593-4526-8AF7-9DA287626237}.Release|x64.ActiveCfg = Release|Any CPU
		{415374A0-C593-4526-8AF7-9DA287626237}.Release|x64.Build.0 = Release|Any CPU
		{415374A0-C593-4526-8AF7-9DA287626237}.Release|x86.ActiveCfg = Release|Any CPU
		{415374A0-C593-4526-8AF7-9DA287626237}.Release|x86.Build.0 = Release|Any CPU
		{7833B822-EA49-43BF-8CCA-576C4023B0A1}.Debug|Any CPU.ActiveCfg = Debug|Any CPU
		{7833B822-EA49-43BF-8CCA-576C4023B0A1}.Debug|Any CPU.Build.0 = Debug|Any CPU
		{7833B822-EA49-43BF-8CCA-576C4023B0A1}.Debug|x64.ActiveCfg = Debug|Any CPU
		{7833B822-EA49-43BF-8CCA-576C4023B0A1}.Debug|x64.Build.0 = Debug|Any CPU
		{7833B822-EA49-43BF-8CCA-576C4023B0A1}.Debug|x86.ActiveCfg = Debug|Any CPU
		{7833B822-EA49-43BF-8CCA-576C4023B0A1}.Debug|x86.Build.0 = Debug|Any CPU
		{7833B822-EA49-43BF-8CCA-576C4023B0A1}.Release|Any CPU.ActiveCfg = Release|Any CPU
		{7833B822-EA49-43BF-8CCA-576C4023B0A1}.Release|Any CPU.Build.0 = Release|Any CPU
		{7833B822-EA49-43BF-8CCA-576C4023B0A1}.Release|x64.ActiveCfg = Release|Any CPU
		{7833B822-EA49-43BF-8CCA-576C4023B0A1}.Release|x64.Build.0 = Release|Any CPU
		{7833B822-EA49-43BF-8CCA-576C4023B0A1}.Release|x86.ActiveCfg = Release|Any CPU
		{7833B822-EA49-43BF-8CCA-576C4023B0A1}.Release|x86.Build.0 = Release|Any CPU
		{3398BFEE-6AFD-468E-83A6-53A49AAC36D9}.Debug|Any CPU.ActiveCfg = Debug|Any CPU
		{3398BFEE-6AFD-468E-83A6-53A49AAC36D9}.Debug|Any CPU.Build.0 = Debug|Any CPU
		{3398BFEE-6AFD-468E-83A6-53A49AAC36D9}.Debug|x64.ActiveCfg = Debug|Any CPU
		{3398BFEE-6AFD-468E-83A6-53A49AAC36D9}.Debug|x64.Build.0 = Debug|Any CPU
		{3398BFEE-6AFD-468E-83A6-53A49AAC36D9}.Debug|x86.ActiveCfg = Debug|Any CPU
		{3398BFEE-6AFD-468E-83A6-53A49AAC36D9}.Debug|x86.Build.0 = Debug|Any CPU
		{3398BFEE-6AFD-468E-83A6-53A49AAC36D9}.Release|Any CPU.ActiveCfg = Release|Any CPU
		{3398BFEE-6AFD-468E-83A6-53A49AAC36D9}.Release|Any CPU.Build.0 = Release|Any CPU
		{3398BFEE-6AFD-468E-83A6-53A49AAC36D9}.Release|x64.ActiveCfg = Release|Any CPU
		{3398BFEE-6AFD-468E-83A6-53A49AAC36D9}.Release|x64.Build.0 = Release|Any CPU
		{3398BFEE-6AFD-468E-83A6-53A49AAC36D9}.Release|x86.ActiveCfg = Release|Any CPU
		{3398BFEE-6AFD-468E-83A6-53A49AAC36D9}.Release|x86.Build.0 = Release|Any CPU
		{0E8CB755-F307-498C-8715-0CE120B03336}.Debug|Any CPU.ActiveCfg = Debug|Any CPU
		{0E8CB755-F307-498C-8715-0CE120B03336}.Debug|Any CPU.Build.0 = Debug|Any CPU
		{0E8CB755-F307-498C-8715-0CE120B03336}.Debug|x64.ActiveCfg = Debug|Any CPU
		{0E8CB755-F307-498C-8715-0CE120B03336}.Debug|x64.Build.0 = Debug|Any CPU
		{0E8CB755-F307-498C-8715-0CE120B03336}.Debug|x86.ActiveCfg = Debug|Any CPU
		{0E8CB755-F307-498C-8715-0CE120B03336}.Debug|x86.Build.0 = Debug|Any CPU
		{0E8CB755-F307-498C-8715-0CE120B03336}.Release|Any CPU.ActiveCfg = Release|Any CPU
		{0E8CB755-F307-498C-8715-0CE120B03336}.Release|Any CPU.Build.0 = Release|Any CPU
		{0E8CB755-F307-498C-8715-0CE120B03336}.Release|x64.ActiveCfg = Release|Any CPU
		{0E8CB755-F307-498C-8715-0CE120B03336}.Release|x64.Build.0 = Release|Any CPU
		{0E8CB755-F307-498C-8715-0CE120B03336}.Release|x86.ActiveCfg = Release|Any CPU
		{0E8CB755-F307-498C-8715-0CE120B03336}.Release|x86.Build.0 = Release|Any CPU
		{CB26CB9E-4F6F-4B2E-9564-5EED27733A4C}.Debug|Any CPU.ActiveCfg = Debug|Any CPU
		{CB26CB9E-4F6F-4B2E-9564-5EED27733A4C}.Debug|Any CPU.Build.0 = Debug|Any CPU
		{CB26CB9E-4F6F-4B2E-9564-5EED27733A4C}.Debug|x64.ActiveCfg = Debug|Any CPU
		{CB26CB9E-4F6F-4B2E-9564-5EED27733A4C}.Debug|x64.Build.0 = Debug|Any CPU
		{CB26CB9E-4F6F-4B2E-9564-5EED27733A4C}.Debug|x86.ActiveCfg = Debug|Any CPU
		{CB26CB9E-4F6F-4B2E-9564-5EED27733A4C}.Debug|x86.Build.0 = Debug|Any CPU
		{CB26CB9E-4F6F-4B2E-9564-5EED27733A4C}.Release|Any CPU.ActiveCfg = Release|Any CPU
		{CB26CB9E-4F6F-4B2E-9564-5EED27733A4C}.Release|Any CPU.Build.0 = Release|Any CPU
		{CB26CB9E-4F6F-4B2E-9564-5EED27733A4C}.Release|x64.ActiveCfg = Release|Any CPU
		{CB26CB9E-4F6F-4B2E-9564-5EED27733A4C}.Release|x64.Build.0 = Release|Any CPU
		{CB26CB9E-4F6F-4B2E-9564-5EED27733A4C}.Release|x86.ActiveCfg = Release|Any CPU
		{CB26CB9E-4F6F-4B2E-9564-5EED27733A4C}.Release|x86.Build.0 = Release|Any CPU
		{6F9814B0-3F2E-4B8D-8702-0210E4CDDF4A}.Debug|Any CPU.ActiveCfg = Debug|Any CPU
		{6F9814B0-3F2E-4B8D-8702-0210E4CDDF4A}.Debug|Any CPU.Build.0 = Debug|Any CPU
		{6F9814B0-3F2E-4B8D-8702-0210E4CDDF4A}.Debug|x64.ActiveCfg = Debug|Any CPU
		{6F9814B0-3F2E-4B8D-8702-0210E4CDDF4A}.Debug|x64.Build.0 = Debug|Any CPU
		{6F9814B0-3F2E-4B8D-8702-0210E4CDDF4A}.Debug|x86.ActiveCfg = Debug|Any CPU
		{6F9814B0-3F2E-4B8D-8702-0210E4CDDF4A}.Debug|x86.Build.0 = Debug|Any CPU
		{6F9814B0-3F2E-4B8D-8702-0210E4CDDF4A}.Release|Any CPU.ActiveCfg = Release|Any CPU
		{6F9814B0-3F2E-4B8D-8702-0210E4CDDF4A}.Release|Any CPU.Build.0 = Release|Any CPU
		{6F9814B0-3F2E-4B8D-8702-0210E4CDDF4A}.Release|x64.ActiveCfg = Release|Any CPU
		{6F9814B0-3F2E-4B8D-8702-0210E4CDDF4A}.Release|x64.Build.0 = Release|Any CPU
		{6F9814B0-3F2E-4B8D-8702-0210E4CDDF4A}.Release|x86.ActiveCfg = Release|Any CPU
		{6F9814B0-3F2E-4B8D-8702-0210E4CDDF4A}.Release|x86.Build.0 = Release|Any CPU
		{F28D197C-855E-4723-9EC3-298D034790F5}.Debug|Any CPU.ActiveCfg = Debug|Any CPU
		{F28D197C-855E-4723-9EC3-298D034790F5}.Debug|Any CPU.Build.0 = Debug|Any CPU
		{F28D197C-855E-4723-9EC3-298D034790F5}.Debug|x64.ActiveCfg = Debug|Any CPU
		{F28D197C-855E-4723-9EC3-298D034790F5}.Debug|x64.Build.0 = Debug|Any CPU
		{F28D197C-855E-4723-9EC3-298D034790F5}.Debug|x86.ActiveCfg = Debug|Any CPU
		{F28D197C-855E-4723-9EC3-298D034790F5}.Debug|x86.Build.0 = Debug|Any CPU
		{F28D197C-855E-4723-9EC3-298D034790F5}.Release|Any CPU.ActiveCfg = Release|Any CPU
		{F28D197C-855E-4723-9EC3-298D034790F5}.Release|Any CPU.Build.0 = Release|Any CPU
		{F28D197C-855E-4723-9EC3-298D034790F5}.Release|x64.ActiveCfg = Release|Any CPU
		{F28D197C-855E-4723-9EC3-298D034790F5}.Release|x64.Build.0 = Release|Any CPU
		{F28D197C-855E-4723-9EC3-298D034790F5}.Release|x86.ActiveCfg = Release|Any CPU
		{F28D197C-855E-4723-9EC3-298D034790F5}.Release|x86.Build.0 = Release|Any CPU
		{8AEABDB6-A5EB-4AB5-85CF-11EF23DBEEF4}.Debug|Any CPU.ActiveCfg = Debug|Any CPU
		{8AEABDB6-A5EB-4AB5-85CF-11EF23DBEEF4}.Debug|Any CPU.Build.0 = Debug|Any CPU
		{8AEABDB6-A5EB-4AB5-85CF-11EF23DBEEF4}.Debug|x64.ActiveCfg = Debug|Any CPU
		{8AEABDB6-A5EB-4AB5-85CF-11EF23DBEEF4}.Debug|x64.Build.0 = Debug|Any CPU
		{8AEABDB6-A5EB-4AB5-85CF-11EF23DBEEF4}.Debug|x86.ActiveCfg = Debug|Any CPU
		{8AEABDB6-A5EB-4AB5-85CF-11EF23DBEEF4}.Debug|x86.Build.0 = Debug|Any CPU
		{8AEABDB6-A5EB-4AB5-85CF-11EF23DBEEF4}.Release|Any CPU.ActiveCfg = Release|Any CPU
		{8AEABDB6-A5EB-4AB5-85CF-11EF23DBEEF4}.Release|Any CPU.Build.0 = Release|Any CPU
		{8AEABDB6-A5EB-4AB5-85CF-11EF23DBEEF4}.Release|x64.ActiveCfg = Release|Any CPU
		{8AEABDB6-A5EB-4AB5-85CF-11EF23DBEEF4}.Release|x64.Build.0 = Release|Any CPU
		{8AEABDB6-A5EB-4AB5-85CF-11EF23DBEEF4}.Release|x86.ActiveCfg = Release|Any CPU
		{8AEABDB6-A5EB-4AB5-85CF-11EF23DBEEF4}.Release|x86.Build.0 = Release|Any CPU
		{23BB559C-0854-4985-B018-9C90184E6635}.Debug|Any CPU.ActiveCfg = Debug|Any CPU
		{23BB559C-0854-4985-B018-9C90184E6635}.Debug|Any CPU.Build.0 = Debug|Any CPU
		{23BB559C-0854-4985-B018-9C90184E6635}.Debug|x64.ActiveCfg = Debug|Any CPU
		{23BB559C-0854-4985-B018-9C90184E6635}.Debug|x64.Build.0 = Debug|Any CPU
		{23BB559C-0854-4985-B018-9C90184E6635}.Debug|x86.ActiveCfg = Debug|Any CPU
		{23BB559C-0854-4985-B018-9C90184E6635}.Debug|x86.Build.0 = Debug|Any CPU
		{23BB559C-0854-4985-B018-9C90184E6635}.Release|Any CPU.ActiveCfg = Release|Any CPU
		{23BB559C-0854-4985-B018-9C90184E6635}.Release|Any CPU.Build.0 = Release|Any CPU
		{23BB559C-0854-4985-B018-9C90184E6635}.Release|x64.ActiveCfg = Release|Any CPU
		{23BB559C-0854-4985-B018-9C90184E6635}.Release|x64.Build.0 = Release|Any CPU
		{23BB559C-0854-4985-B018-9C90184E6635}.Release|x86.ActiveCfg = Release|Any CPU
		{23BB559C-0854-4985-B018-9C90184E6635}.Release|x86.Build.0 = Release|Any CPU
		{5121E83D-CB5D-4798-852D-82658EEEBA15}.Debug|Any CPU.ActiveCfg = Debug|Any CPU
		{5121E83D-CB5D-4798-852D-82658EEEBA15}.Debug|Any CPU.Build.0 = Debug|Any CPU
		{5121E83D-CB5D-4798-852D-82658EEEBA15}.Debug|x64.ActiveCfg = Debug|Any CPU
		{5121E83D-CB5D-4798-852D-82658EEEBA15}.Debug|x64.Build.0 = Debug|Any CPU
		{5121E83D-CB5D-4798-852D-82658EEEBA15}.Debug|x86.ActiveCfg = Debug|Any CPU
		{5121E83D-CB5D-4798-852D-82658EEEBA15}.Debug|x86.Build.0 = Debug|Any CPU
		{5121E83D-CB5D-4798-852D-82658EEEBA15}.Release|Any CPU.ActiveCfg = Release|Any CPU
		{5121E83D-CB5D-4798-852D-82658EEEBA15}.Release|Any CPU.Build.0 = Release|Any CPU
		{5121E83D-CB5D-4798-852D-82658EEEBA15}.Release|x64.ActiveCfg = Release|Any CPU
		{5121E83D-CB5D-4798-852D-82658EEEBA15}.Release|x64.Build.0 = Release|Any CPU
		{5121E83D-CB5D-4798-852D-82658EEEBA15}.Release|x86.ActiveCfg = Release|Any CPU
		{5121E83D-CB5D-4798-852D-82658EEEBA15}.Release|x86.Build.0 = Release|Any CPU
		{0F770F9D-39AF-4ED9-AB9B-2F111FC31D86}.Debug|Any CPU.ActiveCfg = Debug|Any CPU
		{0F770F9D-39AF-4ED9-AB9B-2F111FC31D86}.Debug|Any CPU.Build.0 = Debug|Any CPU
		{0F770F9D-39AF-4ED9-AB9B-2F111FC31D86}.Debug|x64.ActiveCfg = Debug|Any CPU
		{0F770F9D-39AF-4ED9-AB9B-2F111FC31D86}.Debug|x64.Build.0 = Debug|Any CPU
		{0F770F9D-39AF-4ED9-AB9B-2F111FC31D86}.Debug|x86.ActiveCfg = Debug|Any CPU
		{0F770F9D-39AF-4ED9-AB9B-2F111FC31D86}.Debug|x86.Build.0 = Debug|Any CPU
		{0F770F9D-39AF-4ED9-AB9B-2F111FC31D86}.Release|Any CPU.ActiveCfg = Release|Any CPU
		{0F770F9D-39AF-4ED9-AB9B-2F111FC31D86}.Release|Any CPU.Build.0 = Release|Any CPU
		{0F770F9D-39AF-4ED9-AB9B-2F111FC31D86}.Release|x64.ActiveCfg = Release|Any CPU
		{0F770F9D-39AF-4ED9-AB9B-2F111FC31D86}.Release|x64.Build.0 = Release|Any CPU
		{0F770F9D-39AF-4ED9-AB9B-2F111FC31D86}.Release|x86.ActiveCfg = Release|Any CPU
		{0F770F9D-39AF-4ED9-AB9B-2F111FC31D86}.Release|x86.Build.0 = Release|Any CPU
		{82BE256A-524B-4BFD-B29D-E2B1FC38230F}.Debug|Any CPU.ActiveCfg = Debug|Any CPU
		{82BE256A-524B-4BFD-B29D-E2B1FC38230F}.Debug|Any CPU.Build.0 = Debug|Any CPU
		{82BE256A-524B-4BFD-B29D-E2B1FC38230F}.Debug|x64.ActiveCfg = Debug|Any CPU
		{82BE256A-524B-4BFD-B29D-E2B1FC38230F}.Debug|x64.Build.0 = Debug|Any CPU
		{82BE256A-524B-4BFD-B29D-E2B1FC38230F}.Debug|x86.ActiveCfg = Debug|Any CPU
		{82BE256A-524B-4BFD-B29D-E2B1FC38230F}.Debug|x86.Build.0 = Debug|Any CPU
		{82BE256A-524B-4BFD-B29D-E2B1FC38230F}.Release|Any CPU.ActiveCfg = Release|Any CPU
		{82BE256A-524B-4BFD-B29D-E2B1FC38230F}.Release|Any CPU.Build.0 = Release|Any CPU
		{82BE256A-524B-4BFD-B29D-E2B1FC38230F}.Release|x64.ActiveCfg = Release|Any CPU
		{82BE256A-524B-4BFD-B29D-E2B1FC38230F}.Release|x64.Build.0 = Release|Any CPU
		{82BE256A-524B-4BFD-B29D-E2B1FC38230F}.Release|x86.ActiveCfg = Release|Any CPU
		{82BE256A-524B-4BFD-B29D-E2B1FC38230F}.Release|x86.Build.0 = Release|Any CPU
		{179C218F-1375-47BD-B50A-A037B9A5685B}.Debug|Any CPU.ActiveCfg = Debug|Any CPU
		{179C218F-1375-47BD-B50A-A037B9A5685B}.Debug|Any CPU.Build.0 = Debug|Any CPU
		{179C218F-1375-47BD-B50A-A037B9A5685B}.Debug|x64.ActiveCfg = Debug|Any CPU
		{179C218F-1375-47BD-B50A-A037B9A5685B}.Debug|x64.Build.0 = Debug|Any CPU
		{179C218F-1375-47BD-B50A-A037B9A5685B}.Debug|x86.ActiveCfg = Debug|Any CPU
		{179C218F-1375-47BD-B50A-A037B9A5685B}.Debug|x86.Build.0 = Debug|Any CPU
		{179C218F-1375-47BD-B50A-A037B9A5685B}.Release|Any CPU.ActiveCfg = Release|Any CPU
		{179C218F-1375-47BD-B50A-A037B9A5685B}.Release|Any CPU.Build.0 = Release|Any CPU
		{179C218F-1375-47BD-B50A-A037B9A5685B}.Release|x64.ActiveCfg = Release|Any CPU
		{179C218F-1375-47BD-B50A-A037B9A5685B}.Release|x64.Build.0 = Release|Any CPU
		{179C218F-1375-47BD-B50A-A037B9A5685B}.Release|x86.ActiveCfg = Release|Any CPU
		{179C218F-1375-47BD-B50A-A037B9A5685B}.Release|x86.Build.0 = Release|Any CPU
	EndGlobalSection
	GlobalSection(SolutionProperties) = preSolution
		HideSolutionNode = FALSE
	EndGlobalSection
	GlobalSection(NestedProjects) = preSolution
		{70CA7B18-7733-404A-ACDF-26A657274112} = {6DD5A348-6B2C-4813-B3B2-2433BBC4494B}
		{3874EE75-F82E-446E-B3EB-0472E43B1B0F} = {8511FAE6-0304-45B0-B17F-0E02ACDDC882}
		{5DC237AD-6D64-46E2-9D31-60F0C3DC7160} = {639AD75C-BE5A-45C4-9F28-9FAF05DBD784}
		{FF58462D-9068-4481-8809-F14842C4211D} = {8511FAE6-0304-45B0-B17F-0E02ACDDC882}
		{DB609783-D8D7-4EF4-801D-2325EF29A801} = {639AD75C-BE5A-45C4-9F28-9FAF05DBD784}
		{8AADA70A-FDBD-4E03-B4B2-967281C4C60C} = {8511FAE6-0304-45B0-B17F-0E02ACDDC882}
		{BF149D99-8C55-4543-8424-7C92E1D539A9} = {639AD75C-BE5A-45C4-9F28-9FAF05DBD784}
		{0C38B4B4-5950-45E4-BCF0-C07C476ED93D} = {8511FAE6-0304-45B0-B17F-0E02ACDDC882}
		{89246469-C440-4B74-AEB0-8AC87C840BF9} = {639AD75C-BE5A-45C4-9F28-9FAF05DBD784}
		{E56438C6-8EF7-458E-A6A0-07AFD317B6A3} = {8511FAE6-0304-45B0-B17F-0E02ACDDC882}
		{7B2BDE10-BD8E-440D-AFCD-C6CB0D43CFF5} = {639AD75C-BE5A-45C4-9F28-9FAF05DBD784}
		{E2CF235D-A87F-4EFC-ABE0-A057FB839EC4} = {8511FAE6-0304-45B0-B17F-0E02ACDDC882}
		{34580030-83E5-4DA9-9474-FDB795FF96F7} = {6DD5A348-6B2C-4813-B3B2-2433BBC4494B}
		{A9EDAD9B-0B58-4339-BDF8-077CF158818B} = {8511FAE6-0304-45B0-B17F-0E02ACDDC882}
		{5763FF46-E881-4FC2-8038-31D61A47EE3B} = {639AD75C-BE5A-45C4-9F28-9FAF05DBD784}
		{E22AD0FD-9493-4BA7-BC9F-5C3C80E8D8AB} = {6DD5A348-6B2C-4813-B3B2-2433BBC4494B}
		{33ED5F65-7AC3-4180-B051-6959E8292C78} = {8511FAE6-0304-45B0-B17F-0E02ACDDC882}
		{28F4BEC5-6E80-4FE7-91B1-D6E21335A9F7} = {6DD5A348-6B2C-4813-B3B2-2433BBC4494B}
		{A70E18FE-6692-4AF8-899F-F08A13704ACD} = {8511FAE6-0304-45B0-B17F-0E02ACDDC882}
		{B14B5A54-93A4-4DEB-99F9-2813123F34B8} = {6DD5A348-6B2C-4813-B3B2-2433BBC4494B}
		{8B09FC71-A2C9-4324-B932-3C0BC4051EF7} = {8511FAE6-0304-45B0-B17F-0E02ACDDC882}
		{15E3EEA4-4E03-49C1-80C1-2258BC267145} = {871E938E-D295-42D9-8A4E-179C2089C27F}
		{415374A0-C593-4526-8AF7-9DA287626237} = {8511FAE6-0304-45B0-B17F-0E02ACDDC882}
		{7833B822-EA49-43BF-8CCA-576C4023B0A1} = {6DD5A348-6B2C-4813-B3B2-2433BBC4494B}
		{3398BFEE-6AFD-468E-83A6-53A49AAC36D9} = {8511FAE6-0304-45B0-B17F-0E02ACDDC882}
		{0E8CB755-F307-498C-8715-0CE120B03336} = {639AD75C-BE5A-45C4-9F28-9FAF05DBD784}
		{CB26CB9E-4F6F-4B2E-9564-5EED27733A4C} = {8511FAE6-0304-45B0-B17F-0E02ACDDC882}
		{6F9814B0-3F2E-4B8D-8702-0210E4CDDF4A} = {639AD75C-BE5A-45C4-9F28-9FAF05DBD784}
		{F28D197C-855E-4723-9EC3-298D034790F5} = {8511FAE6-0304-45B0-B17F-0E02ACDDC882}
		{8AEABDB6-A5EB-4AB5-85CF-11EF23DBEEF4} = {639AD75C-BE5A-45C4-9F28-9FAF05DBD784}
		{23BB559C-0854-4985-B018-9C90184E6635} = {8511FAE6-0304-45B0-B17F-0E02ACDDC882}
		{5121E83D-CB5D-4798-852D-82658EEEBA15} = {639AD75C-BE5A-45C4-9F28-9FAF05DBD784}
		{0F770F9D-39AF-4ED9-AB9B-2F111FC31D86} = {8511FAE6-0304-45B0-B17F-0E02ACDDC882}
		{82BE256A-524B-4BFD-B29D-E2B1FC38230F} = {639AD75C-BE5A-45C4-9F28-9FAF05DBD784}
		{179C218F-1375-47BD-B50A-A037B9A5685B} = {8511FAE6-0304-45B0-B17F-0E02ACDDC882}
	EndGlobalSection
	GlobalSection(ExtensibilityGlobals) = postSolution
		SolutionGuid = {483FA811-91B2-4EC3-97E4-2512BCA34DC3}
	EndGlobalSection
EndGlobal
