
Microsoft Visual Studio Solution File, Format Version 12.00
# Visual Studio 15
VisualStudioVersion = 15.0.26124.0
MinimumVisualStudioVersion = 15.0.26124.0
Project("{FAE04EC0-301F-11D3-BF4B-00C04F79EFBC}") = "WkspAzure.FrmWrk.CryptographicFunctions", "WkspAzure.FrmWrk.CryptographicFunctions\WkspAzure.FrmWrk.CryptographicFunctions.csproj", "{7A462090-2D71-478D-A385-6CE7BC48CE58}"
EndProject
Project("{FAE04EC0-301F-11D3-BF4B-00C04F79EFBC}") = "WkspAzure.FrmWrk.CryptographicFunctions.Tests", "WkspAzure.FrmWrk.CryptographicFunctions.Tests\WkspAzure.FrmWrk.CryptographicFunctions.Tests.csproj", "{0727952E-4385-45F3-AD3C-1544C7D5B488}"
EndProject
Global
	GlobalSection(SolutionConfigurationPlatforms) = preSolution
		Debug|Any CPU = Debug|Any CPU
		Release|Any CPU = Release|Any CPU
	EndGlobalSection
	GlobalSection(ProjectConfigurationPlatforms) = postSolution
		{7A462090-2D71-478D-A385-6CE7BC48CE58}.Debug|Any CPU.ActiveCfg = Debug|Any CPU
		{7A462090-2D71-478D-A385-6CE7BC48CE58}.Debug|Any CPU.Build.0 = Debug|Any CPU
		{7A462090-2D71-478D-A385-6CE7BC48CE58}.Release|Any CPU.ActiveCfg = Release|Any CPU
		{7A462090-2D71-478D-A385-6CE7BC48CE58}.Release|Any CPU.Build.0 = Release|Any CPU
		{0727952E-4385-45F3-AD3C-1544C7D5B488}.Debug|Any CPU.ActiveCfg = Debug|Any CPU
		{0727952E-4385-45F3-AD3C-1544C7D5B488}.Debug|Any CPU.Build.0 = Debug|Any CPU
		{0727952E-4385-45F3-AD3C-1544C7D5B488}.Release|Any CPU.ActiveCfg = Release|Any CPU
		{0727952E-4385-45F3-AD3C-1544C7D5B488}.Release|Any CPU.Build.0 = Release|Any CPU
	EndGlobalSection
	GlobalSection(SolutionProperties) = preSolution
		HideSolutionNode = FALSE
	EndGlobalSection
	GlobalSection(ExtensibilityGlobals) = postSolution
		SolutionGuid = {C39D4160-9F87-4DAA-8A5C-8DB3C5DC51CA}
	EndGlobalSection
EndGlobal
