
Microsoft Visual Studio Solution File, Format Version 12.00
# Visual Studio 15
VisualStudioVersion = 15.0.26124.0
MinimumVisualStudioVersion = 15.0.26124.0
Project("{FAE04EC0-301F-11D3-BF4B-00C04F79EFBC}") = "WkspWinForms.WinFormsApp", "WkspWinForms.WinFormsApp\WkspWinForms.WinFormsApp.csproj", "{28385A4D-FC81-4602-B85D-2CD5A5A6AE63}"
EndProject
Project("{FAE04EC0-301F-11D3-BF4B-00C04F79EFBC}") = "WkspWinForms.WinFormsApp.Tests", "WkspWinForms.WinFormsApp.Tests\WkspWinForms.WinFormsApp.Tests.csproj", "{4BCC3612-37E4-4C1B-AAFB-6345CD742B62}"
EndProject
Global
	GlobalSection(SolutionConfigurationPlatforms) = preSolution
		Debug|Any CPU = Debug|Any CPU
		Debug|x64 = Debug|x64
		Debug|x86 = Debug|x86
		Release|Any CPU = Release|Any CPU
		Release|x64 = Release|x64
		Release|x86 = Release|x86
	EndGlobalSection
	GlobalSection(ProjectConfigurationPlatforms) = postSolution
		{28385A4D-FC81-4602-B85D-2CD5A5A6AE63}.Debug|Any CPU.ActiveCfg = Debug|Any CPU
		{28385A4D-FC81-4602-B85D-2CD5A5A6AE63}.Debug|Any CPU.Build.0 = Debug|Any CPU
		{28385A4D-FC81-4602-B85D-2CD5A5A6AE63}.Debug|x64.ActiveCfg = Debug|Any CPU
		{28385A4D-FC81-4602-B85D-2CD5A5A6AE63}.Debug|x64.Build.0 = Debug|Any CPU
		{28385A4D-FC81-4602-B85D-2CD5A5A6AE63}.Debug|x86.ActiveCfg = Debug|Any CPU
		{28385A4D-FC81-4602-B85D-2CD5A5A6AE63}.Debug|x86.Build.0 = Debug|Any CPU
		{28385A4D-FC81-4602-B85D-2CD5A5A6AE63}.Release|Any CPU.ActiveCfg = Release|Any CPU
		{28385A4D-FC81-4602-B85D-2CD5A5A6AE63}.Release|Any CPU.Build.0 = Release|Any CPU
		{28385A4D-FC81-4602-B85D-2CD5A5A6AE63}.Release|x64.ActiveCfg = Release|Any CPU
		{28385A4D-FC81-4602-B85D-2CD5A5A6AE63}.Release|x64.Build.0 = Release|Any CPU
		{28385A4D-FC81-4602-B85D-2CD5A5A6AE63}.Release|x86.ActiveCfg = Release|Any CPU
		{28385A4D-FC81-4602-B85D-2CD5A5A6AE63}.Release|x86.Build.0 = Release|Any CPU
		{4BCC3612-37E4-4C1B-AAFB-6345CD742B62}.Debug|Any CPU.ActiveCfg = Debug|Any CPU
		{4BCC3612-37E4-4C1B-AAFB-6345CD742B62}.Debug|Any CPU.Build.0 = Debug|Any CPU
		{4BCC3612-37E4-4C1B-AAFB-6345CD742B62}.Debug|x64.ActiveCfg = Debug|Any CPU
		{4BCC3612-37E4-4C1B-AAFB-6345CD742B62}.Debug|x64.Build.0 = Debug|Any CPU
		{4BCC3612-37E4-4C1B-AAFB-6345CD742B62}.Debug|x86.ActiveCfg = Debug|Any CPU
		{4BCC3612-37E4-4C1B-AAFB-6345CD742B62}.Debug|x86.Build.0 = Debug|Any CPU
		{4BCC3612-37E4-4C1B-AAFB-6345CD742B62}.Release|Any CPU.ActiveCfg = Release|Any CPU
		{4BCC3612-37E4-4C1B-AAFB-6345CD742B62}.Release|Any CPU.Build.0 = Release|Any CPU
		{4BCC3612-37E4-4C1B-AAFB-6345CD742B62}.Release|x64.ActiveCfg = Release|Any CPU
		{4BCC3612-37E4-4C1B-AAFB-6345CD742B62}.Release|x64.Build.0 = Release|Any CPU
		{4BCC3612-37E4-4C1B-AAFB-6345CD742B62}.Release|x86.ActiveCfg = Release|Any CPU
		{4BCC3612-37E4-4C1B-AAFB-6345CD742B62}.Release|x86.Build.0 = Release|Any CPU
	EndGlobalSection
	GlobalSection(SolutionProperties) = preSolution
		HideSolutionNode = FALSE
	EndGlobalSection
	GlobalSection(ExtensibilityGlobals) = postSolution
		SolutionGuid = {968FEFEF-DD96-48B2-9564-80F31066F64C}
	EndGlobalSection
EndGlobal
